
Microsoft Visual Studio Solution File, Format Version 12.00
# Visual Studio Version 16
VisualStudioVersion = 16.0.30804.86
MinimumVisualStudioVersion = 10.0.40219.1
Project("{8BC9CEB8-8B4A-11D0-8D11-00A0C91BC942}") = "01_brace_initialization", "brace_initialization\brace_initialization.vcxproj", "{44E4830F-A0F9-4C9B-8AAE-B066BFEDEB6F}"
EndProject
Project("{8BC9CEB8-8B4A-11D0-8D11-00A0C91BC942}") = "02_auto_type_inference", "auto_type_inference\auto_type_inference.vcxproj", "{4A79DB14-A1C0-43AE-A4C5-904E25A02E7C}"
EndProject
Project("{8BC9CEB8-8B4A-11D0-8D11-00A0C91BC942}") = "04_lambdas", "lambdas\lambdas.vcxproj", "{30BAD2CE-9326-404D-8B0A-1C09D092AAF7}"
EndProject
Project("{8BC9CEB8-8B4A-11D0-8D11-00A0C91BC942}") = "03_range_for", "range_for\range_for.vcxproj", "{406CA478-CE33-4239-80BE-248695A6E1AD}"
EndProject
Project("{8BC9CEB8-8B4A-11D0-8D11-00A0C91BC942}") = "06_delegation", "delegation\delegation.vcxproj", "{5B943649-83BE-4DC7-8312-014A8B121BDC}"
EndProject
Project("{8BC9CEB8-8B4A-11D0-8D11-00A0C91BC942}") = "07_override", "override\override.vcxproj", "{E752A081-78A5-428A-A9D8-9D39E797006E}"
EndProject
Project("{8BC9CEB8-8B4A-11D0-8D11-00A0C91BC942}") = "05_trailing_returns", "trailing_returns\trailing_returns.vcxproj", "{A086B72B-BEFE-4E59-8A4B-05B1A15D8063}"
EndProject
Global
	GlobalSection(SolutionConfigurationPlatforms) = preSolution
		Debug|x64 = Debug|x64
		Debug|x86 = Debug|x86
		Release|x64 = Release|x64
		Release|x86 = Release|x86
	EndGlobalSection
	GlobalSection(ProjectConfigurationPlatforms) = postSolution
		{44E4830F-A0F9-4C9B-8AAE-B066BFEDEB6F}.Debug|x64.ActiveCfg = Debug|x64
		{44E4830F-A0F9-4C9B-8AAE-B066BFEDEB6F}.Debug|x64.Build.0 = Debug|x64
		{44E4830F-A0F9-4C9B-8AAE-B066BFEDEB6F}.Debug|x86.ActiveCfg = Debug|Win32
		{44E4830F-A0F9-4C9B-8AAE-B066BFEDEB6F}.Debug|x86.Build.0 = Debug|Win32
		{44E4830F-A0F9-4C9B-8AAE-B066BFEDEB6F}.Release|x64.ActiveCfg = Release|x64
		{44E4830F-A0F9-4C9B-8AAE-B066BFEDEB6F}.Release|x64.Build.0 = Release|x64
		{44E4830F-A0F9-4C9B-8AAE-B066BFEDEB6F}.Release|x86.ActiveCfg = Release|Win32
		{44E4830F-A0F9-4C9B-8AAE-B066BFEDEB6F}.Release|x86.Build.0 = Release|Win32
		{4A79DB14-A1C0-43AE-A4C5-904E25A02E7C}.Debug|x64.ActiveCfg = Debug|x64
		{4A79DB14-A1C0-43AE-A4C5-904E25A02E7C}.Debug|x64.Build.0 = Debug|x64
		{4A79DB14-A1C0-43AE-A4C5-904E25A02E7C}.Debug|x86.ActiveCfg = Debug|Win32
		{4A79DB14-A1C0-43AE-A4C5-904E25A02E7C}.Debug|x86.Build.0 = Debug|Win32
		{4A79DB14-A1C0-43AE-A4C5-904E25A02E7C}.Release|x64.ActiveCfg = Release|x64
		{4A79DB14-A1C0-43AE-A4C5-904E25A02E7C}.Release|x64.Build.0 = Release|x64
		{4A79DB14-A1C0-43AE-A4C5-904E25A02E7C}.Release|x86.ActiveCfg = Release|Win32
		{4A79DB14-A1C0-43AE-A4C5-904E25A02E7C}.Release|x86.Build.0 = Release|Win32
		{30BAD2CE-9326-404D-8B0A-1C09D092AAF7}.Debug|x64.ActiveCfg = Debug|x64
		{30BAD2CE-9326-404D-8B0A-1C09D092AAF7}.Debug|x64.Build.0 = Debug|x64
		{30BAD2CE-9326-404D-8B0A-1C09D092AAF7}.Debug|x86.ActiveCfg = Debug|Win32
		{30BAD2CE-9326-404D-8B0A-1C09D092AAF7}.Debug|x86.Build.0 = Debug|Win32
		{30BAD2CE-9326-404D-8B0A-1C09D092AAF7}.Release|x64.ActiveCfg = Release|x64
		{30BAD2CE-9326-404D-8B0A-1C09D092AAF7}.Release|x64.Build.0 = Release|x64
		{30BAD2CE-9326-404D-8B0A-1C09D092AAF7}.Release|x86.ActiveCfg = Release|Win32
		{30BAD2CE-9326-404D-8B0A-1C09D092AAF7}.Release|x86.Build.0 = Release|Win32
		{406CA478-CE33-4239-80BE-248695A6E1AD}.Debug|x64.ActiveCfg = Debug|x64
		{406CA478-CE33-4239-80BE-248695A6E1AD}.Debug|x64.Build.0 = Debug|x64
		{406CA478-CE33-4239-80BE-248695A6E1AD}.Debug|x86.ActiveCfg = Debug|Win32
		{406CA478-CE33-4239-80BE-248695A6E1AD}.Debug|x86.Build.0 = Debug|Win32
		{406CA478-CE33-4239-80BE-248695A6E1AD}.Release|x64.ActiveCfg = Release|x64
		{406CA478-CE33-4239-80BE-248695A6E1AD}.Release|x64.Build.0 = Release|x64
		{406CA478-CE33-4239-80BE-248695A6E1AD}.Release|x86.ActiveCfg = Release|Win32
		{406CA478-CE33-4239-80BE-248695A6E1AD}.Release|x86.Build.0 = Release|Win32
		{5B943649-83BE-4DC7-8312-014A8B121BDC}.Debug|x64.ActiveCfg = Debug|x64
		{5B943649-83BE-4DC7-8312-014A8B121BDC}.Debug|x64.Build.0 = Debug|x64
		{5B943649-83BE-4DC7-8312-014A8B121BDC}.Debug|x86.ActiveCfg = Debug|Win32
		{5B943649-83BE-4DC7-8312-014A8B121BDC}.Debug|x86.Build.0 = Debug|Win32
		{5B943649-83BE-4DC7-8312-014A8B121BDC}.Release|x64.ActiveCfg = Release|x64
		{5B943649-83BE-4DC7-8312-014A8B121BDC}.Release|x64.Build.0 = Release|x64
		{5B943649-83BE-4DC7-8312-014A8B121BDC}.Release|x86.ActiveCfg = Release|Win32
		{5B943649-83BE-4DC7-8312-014A8B121BDC}.Release|x86.Build.0 = Release|Win32
		{E752A081-78A5-428A-A9D8-9D39E797006E}.Debug|x64.ActiveCfg = Debug|x64
		{E752A081-78A5-428A-A9D8-9D39E797006E}.Debug|x64.Build.0 = Debug|x64
		{E752A081-78A5-428A-A9D8-9D39E797006E}.Debug|x86.ActiveCfg = Debug|Win32
		{E752A081-78A5-428A-A9D8-9D39E797006E}.Debug|x86.Build.0 = Debug|Win32
		{E752A081-78A5-428A-A9D8-9D39E797006E}.Release|x64.ActiveCfg = Release|x64
		{E752A081-78A5-428A-A9D8-9D39E797006E}.Release|x64.Build.0 = Release|x64
		{E752A081-78A5-428A-A9D8-9D39E797006E}.Release|x86.ActiveCfg = Release|Win32
		{E752A081-78A5-428A-A9D8-9D39E797006E}.Release|x86.Build.0 = Release|Win32
		{A086B72B-BEFE-4E59-8A4B-05B1A15D8063}.Debug|x64.ActiveCfg = Debug|x64
		{A086B72B-BEFE-4E59-8A4B-05B1A15D8063}.Debug|x64.Build.0 = Debug|x64
		{A086B72B-BEFE-4E59-8A4B-05B1A15D8063}.Debug|x86.ActiveCfg = Debug|Win32
		{A086B72B-BEFE-4E59-8A4B-05B1A15D8063}.Debug|x86.Build.0 = Debug|Win32
		{A086B72B-BEFE-4E59-8A4B-05B1A15D8063}.Release|x64.ActiveCfg = Release|x64
		{A086B72B-BEFE-4E59-8A4B-05B1A15D8063}.Release|x64.Build.0 = Release|x64
		{A086B72B-BEFE-4E59-8A4B-05B1A15D8063}.Release|x86.ActiveCfg = Release|Win32
		{A086B72B-BEFE-4E59-8A4B-05B1A15D8063}.Release|x86.Build.0 = Release|Win32
	EndGlobalSection
	GlobalSection(SolutionProperties) = preSolution
		HideSolutionNode = FALSE
	EndGlobalSection
	GlobalSection(ExtensibilityGlobals) = postSolution
		SolutionGuid = {E154F3B6-4D59-4FBA-A1F3-0AA4D197DFB0}
	EndGlobalSection
EndGlobal
